
Microsoft Visual Studio Solution File, Format Version 12.00
# Visual Studio Version 16
VisualStudioVersion = 16.0.30011.22
MinimumVisualStudioVersion = 15.0.26124.0
Project("{9A19103F-16F7-4668-BE54-9A1E7A4F7556}") = "SqlExplorerCli", "SqlExplorerCli\SqlExplorerCli.csproj", "{605709BB-B9D9-402B-B591-84E77CB59E2B}"
EndProject
Project("{FAE04EC0-301F-11D3-BF4B-00C04F79EFBC}") = "SqlServer", "SqlServer\SqlServer.csproj", "{D9C960E5-F300-4E45-832A-DCF706A94A32}"
EndProject
Project("{FAE04EC0-301F-11D3-BF4B-00C04F79EFBC}") = "SqlServer.IntegrationTests", "SqlServer.IntegrationTests\SqlServer.IntegrationTests.csproj", "{4F181032-69F5-49E5-950E-8B1CC1B190F8}"
EndProject
Global
	GlobalSection(SolutionConfigurationPlatforms) = preSolution
		Debug|Any CPU = Debug|Any CPU
		Debug|x64 = Debug|x64
		Debug|x86 = Debug|x86
		Release|Any CPU = Release|Any CPU
		Release|x64 = Release|x64
		Release|x86 = Release|x86
	EndGlobalSection
	GlobalSection(ProjectConfigurationPlatforms) = postSolution
		{605709BB-B9D9-402B-B591-84E77CB59E2B}.Debug|Any CPU.ActiveCfg = Debug|Any CPU
		{605709BB-B9D9-402B-B591-84E77CB59E2B}.Debug|Any CPU.Build.0 = Debug|Any CPU
		{605709BB-B9D9-402B-B591-84E77CB59E2B}.Debug|x64.ActiveCfg = Debug|Any CPU
		{605709BB-B9D9-402B-B591-84E77CB59E2B}.Debug|x64.Build.0 = Debug|Any CPU
		{605709BB-B9D9-402B-B591-84E77CB59E2B}.Debug|x86.ActiveCfg = Debug|Any CPU
		{605709BB-B9D9-402B-B591-84E77CB59E2B}.Debug|x86.Build.0 = Debug|Any CPU
		{605709BB-B9D9-402B-B591-84E77CB59E2B}.Release|Any CPU.ActiveCfg = Release|Any CPU
		{605709BB-B9D9-402B-B591-84E77CB59E2B}.Release|Any CPU.Build.0 = Release|Any CPU
		{605709BB-B9D9-402B-B591-84E77CB59E2B}.Release|x64.ActiveCfg = Release|Any CPU
		{605709BB-B9D9-402B-B591-84E77CB59E2B}.Release|x64.Build.0 = Release|Any CPU
		{605709BB-B9D9-402B-B591-84E77CB59E2B}.Release|x86.ActiveCfg = Release|Any CPU
		{605709BB-B9D9-402B-B591-84E77CB59E2B}.Release|x86.Build.0 = Release|Any CPU
		{D9C960E5-F300-4E45-832A-DCF706A94A32}.Debug|Any CPU.ActiveCfg = Debug|Any CPU
		{D9C960E5-F300-4E45-832A-DCF706A94A32}.Debug|Any CPU.Build.0 = Debug|Any CPU
		{D9C960E5-F300-4E45-832A-DCF706A94A32}.Debug|x64.ActiveCfg = Debug|Any CPU
		{D9C960E5-F300-4E45-832A-DCF706A94A32}.Debug|x64.Build.0 = Debug|Any CPU
		{D9C960E5-F300-4E45-832A-DCF706A94A32}.Debug|x86.ActiveCfg = Debug|Any CPU
		{D9C960E5-F300-4E45-832A-DCF706A94A32}.Debug|x86.Build.0 = Debug|Any CPU
		{D9C960E5-F300-4E45-832A-DCF706A94A32}.Release|Any CPU.ActiveCfg = Release|Any CPU
		{D9C960E5-F300-4E45-832A-DCF706A94A32}.Release|Any CPU.Build.0 = Release|Any CPU
		{D9C960E5-F300-4E45-832A-DCF706A94A32}.Release|x64.ActiveCfg = Release|Any CPU
		{D9C960E5-F300-4E45-832A-DCF706A94A32}.Release|x64.Build.0 = Release|Any CPU
		{D9C960E5-F300-4E45-832A-DCF706A94A32}.Release|x86.ActiveCfg = Release|Any CPU
		{D9C960E5-F300-4E45-832A-DCF706A94A32}.Release|x86.Build.0 = Release|Any CPU
		{4F181032-69F5-49E5-950E-8B1CC1B190F8}.Debug|Any CPU.ActiveCfg = Debug|Any CPU
		{4F181032-69F5-49E5-950E-8B1CC1B190F8}.Debug|Any CPU.Build.0 = Debug|Any CPU
		{4F181032-69F5-49E5-950E-8B1CC1B190F8}.Debug|x64.ActiveCfg = Debug|Any CPU
		{4F181032-69F5-49E5-950E-8B1CC1B190F8}.Debug|x64.Build.0 = Debug|Any CPU
		{4F181032-69F5-49E5-950E-8B1CC1B190F8}.Debug|x86.ActiveCfg = Debug|Any CPU
		{4F181032-69F5-49E5-950E-8B1CC1B190F8}.Debug|x86.Build.0 = Debug|Any CPU
		{4F181032-69F5-49E5-950E-8B1CC1B190F8}.Release|Any CPU.ActiveCfg = Release|Any CPU
		{4F181032-69F5-49E5-950E-8B1CC1B190F8}.Release|Any CPU.Build.0 = Release|Any CPU
		{4F181032-69F5-49E5-950E-8B1CC1B190F8}.Release|x64.ActiveCfg = Release|Any CPU
		{4F181032-69F5-49E5-950E-8B1CC1B190F8}.Release|x64.Build.0 = Release|Any CPU
		{4F181032-69F5-49E5-950E-8B1CC1B190F8}.Release|x86.ActiveCfg = Release|Any CPU
		{4F181032-69F5-49E5-950E-8B1CC1B190F8}.Release|x86.Build.0 = Release|Any CPU
	EndGlobalSection
	GlobalSection(SolutionProperties) = preSolution
		HideSolutionNode = FALSE
	EndGlobalSection
	GlobalSection(ExtensibilityGlobals) = postSolution
		SolutionGuid = {38DBD53F-1D5C-4E3A-9D78-B06A8ADCA928}
	EndGlobalSection
EndGlobal
